{
    "_readme": [
        "This file locks the dependencies of your project to a known state",
        "Read more about it at http://getcomposer.org/doc/01-basic-usage.md#composer-lock-the-lock-file"
    ],
    "hash": "a4306d0604b6d7864ead7d00035d4cd9",
    "packages": [
        {
            "name": "cebe/markdown",
            "version": "0.9.x-dev",
            "source": {
                "type": "git",
                "url": "https://github.com/cebe/markdown.git",
                "reference": "cf19ee2f412dd0c76ec10f37f011685308e56a85"
            },
            "dist": {
                "type": "zip",
                "url": "https://api.github.com/repos/cebe/markdown/zipball/cf19ee2f412dd0c76ec10f37f011685308e56a85",
                "reference": "cf19ee2f412dd0c76ec10f37f011685308e56a85",
                "shasum": ""
            },
            "require": {
                "lib-pcre": "*",
                "php": ">=5.4.0"
            },
            "require-dev": {
                "phpunit/phpunit": "3.7.*"
            },
            "bin": [
                "bin/markdown"
            ],
            "type": "library",
            "extra": {
                "branch-alias": {
                    "dev-master": "1.0.x-dev",
                    "dev-0.9.x-dev": "0.9.x-dev"
                }
            },
            "autoload": {
                "psr-4": {
                    "cebe\\markdown\\": ""
                }
            },
            "notification-url": "https://packagist.org/downloads/",
            "license": [
                "MIT"
            ],
            "authors": [
                {
                    "name": "Carsten Brandt",
                    "email": "mail@cebe.cc",
                    "homepage": "http://cebe.cc/",
                    "role": "Creator"
                }
            ],
            "description": "A super fast highly extensible markdown parser for PHP",
            "homepage": "https://github.com/cebe/markdown#readme",
            "keywords": [
                "extensible",
                "fast",
                "gfm",
                "markdown",
                "markdown-extra"
            ],
            "time": "2014-02-22 14:23:30"
        },
        {
            "name": "ezyang/htmlpurifier",
            "version": "v4.6.0",
            "source": {
                "type": "git",
                "url": "https://github.com/ezyang/htmlpurifier.git",
                "reference": "6f389f0f25b90d0b495308efcfa073981177f0fd"
            },
            "dist": {
                "type": "zip",
                "url": "https://api.github.com/repos/ezyang/htmlpurifier/zipball/6f389f0f25b90d0b495308efcfa073981177f0fd",
                "reference": "6f389f0f25b90d0b495308efcfa073981177f0fd",
                "shasum": ""
            },
            "require": {
                "php": ">=5.2"
            },
            "type": "library",
            "autoload": {
                "psr-0": {
                    "HTMLPurifier": "library/"
                },
                "files": [
                    "library/HTMLPurifier.composer.php"
                ]
            },
            "notification-url": "https://packagist.org/downloads/",
            "license": [
                "LGPL"
            ],
            "authors": [
                {
                    "name": "Edward Z. Yang",
                    "email": "admin@htmlpurifier.org",
                    "homepage": "http://ezyang.com",
                    "role": "Developer"
                }
            ],
            "description": "Standards compliant HTML filter written in PHP",
            "homepage": "http://htmlpurifier.org/",
            "keywords": [
                "html"
            ],
            "time": "2013-11-30 08:25:19"
        },
        {
            "name": "swiftmailer/swiftmailer",
            "version": "dev-master",
            "source": {
                "type": "git",
                "url": "https://github.com/swiftmailer/swiftmailer.git",
                "reference": "37d5164b15d409753b4daa32b5b8d5ac7e4142c0"
            },
            "dist": {
                "type": "zip",
                "url": "https://api.github.com/repos/swiftmailer/swiftmailer/zipball/37d5164b15d409753b4daa32b5b8d5ac7e4142c0",
                "reference": "37d5164b15d409753b4daa32b5b8d5ac7e4142c0",
                "shasum": ""
            },
            "require": {
                "php": ">=5.2.4"
            },
            "type": "library",
            "extra": {
                "branch-alias": {
                    "dev-master": "5.1-dev"
                }
            },
            "autoload": {
                "files": [
                    "lib/swift_required.php"
                ]
            },
            "notification-url": "https://packagist.org/downloads/",
            "license": [
                "MIT"
            ],
            "authors": [
                {
                    "name": "Fabien Potencier",
                    "email": "fabien@symfony.com",
                    "homepage": "http://fabien.potencier.org",
                    "role": "Lead Developer"
                },
                {
                    "name": "Chris Corbyn"
                }
            ],
            "description": "Swiftmailer, free feature-rich PHP mailer",
            "homepage": "http://swiftmailer.org",
            "keywords": [
                "mail",
                "mailer"
            ],
            "time": "2014-02-08 07:37:45"
        },
        {
            "name": "twbs/bootstrap",
            "version": "dev-master",
            "source": {
                "type": "git",
                "url": "https://github.com/twbs/bootstrap.git",
                "reference": "7b386a566f6f199698f200d9dff4b8cf5da3ed07"
            },
            "dist": {
                "type": "zip",
                "url": "https://api.github.com/repos/twbs/bootstrap/zipball/7b386a566f6f199698f200d9dff4b8cf5da3ed07",
                "reference": "7b386a566f6f199698f200d9dff4b8cf5da3ed07",
                "shasum": ""
            },
            "type": "library",
            "extra": {
                "branch-alias": {
                    "dev-master": "3.0.x-dev"
                }
            },
            "notification-url": "https://packagist.org/downloads/",
            "license": [
                "MIT"
            ],
            "authors": [
                {
                    "name": "Jacob Thornton",
                    "email": "jacobthornton@gmail.com"
                },
                {
                    "name": "Mark Otto",
                    "email": "markdotto@gmail.com"
                }
            ],
            "description": "Sleek, intuitive, and powerful mobile first front-end framework for faster and easier web development.",
            "homepage": "http://getbootstrap.com",
            "keywords": [
                "bootstrap",
                "css"
            ],
            "time": "2014-02-26 03:40:15"
        },
        {
            "name": "yiisoft/jquery",
            "version": "2.1.0",
            "source": {
                "type": "git",
                "url": "https://github.com/yiisoft/jquery.git",
                "reference": "a585ca4d6a2a129897a95575d229496a3486390b"
            },
            "dist": {
                "type": "zip",
                "url": "https://api.github.com/repos/yiisoft/jquery/zipball/a585ca4d6a2a129897a95575d229496a3486390b",
                "reference": "a585ca4d6a2a129897a95575d229496a3486390b",
                "shasum": ""
            },
            "type": "library",
            "notification-url": "https://packagist.org/downloads/",
            "license": [
                "MIT"
            ],
            "description": "jQuery JavaScript Library",
            "homepage": "http://jquery.com",
            "time": "2014-01-24 06:00:08"
        },
        {
            "name": "yiisoft/yii2",
            "version": "dev-master",
            "source": {
                "type": "git",
                "url": "https://github.com/yiisoft/yii2-framework.git",
                "reference": "5801a913dfdda60b8926752ca1a44fcdc2360a1f"
            },
            "dist": {
                "type": "zip",
                "url": "https://api.github.com/repos/yiisoft/yii2-framework/zipball/5801a913dfdda60b8926752ca1a44fcdc2360a1f",
                "reference": "5801a913dfdda60b8926752ca1a44fcdc2360a1f",
                "shasum": ""
            },
            "require": {
                "cebe/markdown": "0.9.*",
                "ext-mbstring": "*",
                "ezyang/htmlpurifier": "4.6.*",
                "lib-pcre": "*",
                "php": ">=5.4.0",
                "yiisoft/jquery": "~2.0 | ~1.10",
                "yiisoft/yii2-composer": "*"
            },
            "type": "library",
            "autoload": {
                "psr-4": {
                    "yii\\": ""
                }
            },
            "notification-url": "https://packagist.org/downloads/",
            "license": [
                "BSD-3-Clause"
            ],
            "authors": [
                {
                    "name": "Qiang Xue",
                    "email": "qiang.xue@gmail.com",
                    "homepage": "http://www.yiiframework.com/",
                    "role": "Founder and project lead"
                },
                {
                    "name": "Alexander Makarov",
                    "email": "sam@rmcreative.ru",
                    "homepage": "http://rmcreative.ru/",
                    "role": "Core framework development"
                },
                {
                    "name": "Maurizio Domba",
                    "homepage": "http://mdomba.info/",
                    "role": "Core framework development"
                },
                {
                    "name": "Carsten Brandt",
                    "email": "mail@cebe.cc",
                    "homepage": "http://cebe.cc/",
                    "role": "Core framework development"
                },
                {
                    "name": "Timur Ruziev",
                    "email": "resurtm@gmail.com",
                    "homepage": "http://resurtm.com/",
                    "role": "Core framework development"
                },
                {
                    "name": "Paul Klimov",
                    "email": "klimov.paul@gmail.com",
                    "role": "Core framework development"
                }
            ],
            "description": "Yii PHP Framework Version 2",
            "homepage": "http://www.yiiframework.com/",
            "keywords": [
                "framework",
                "yii"
            ],
            "time": "2014-02-26 13:18:24"
        },
        {
            "name": "yiisoft/yii2-bootstrap",
            "version": "dev-master",
            "source": {
                "type": "git",
                "url": "https://github.com/yiisoft/yii2-bootstrap.git",
                "reference": "36c2c5acfeac9b59b7984209b8d2659c46c5f52e"
            },
            "dist": {
                "type": "zip",
                "url": "https://api.github.com/repos/yiisoft/yii2-bootstrap/zipball/36c2c5acfeac9b59b7984209b8d2659c46c5f52e",
                "reference": "36c2c5acfeac9b59b7984209b8d2659c46c5f52e",
                "shasum": ""
            },
            "require": {
                "twbs/bootstrap": "3.0.*",
                "yiisoft/yii2": "*"
            },
            "type": "yii2-extension",
            "autoload": {
                "psr-4": {
                    "yii\\bootstrap\\": ""
                }
            },
            "notification-url": "https://packagist.org/downloads/",
            "license": [
                "BSD-3-Clause"
            ],
            "authors": [
                {
                    "name": "Qiang Xue",
                    "email": "qiang.xue@gmail.com",
                    "homepage": "http://www.yiiframework.com/",
                    "role": "Founder and project lead"
                }
            ],
            "description": "The Twitter Bootstrap extension for the Yii framework",
            "keywords": [
                "bootstrap",
                "yii"
            ],
            "time": "2014-02-20 20:37:44"
        },
        {
            "name": "yiisoft/yii2-composer",
            "version": "dev-master",
            "source": {
                "type": "git",
                "url": "https://github.com/yiisoft/yii2-composer.git",
                "reference": "ced9e6a1680b2e240f12c04c96443fd8ad65c515"
            },
            "dist": {
                "type": "zip",
                "url": "https://api.github.com/repos/yiisoft/yii2-composer/zipball/ced9e6a1680b2e240f12c04c96443fd8ad65c515",
                "reference": "ced9e6a1680b2e240f12c04c96443fd8ad65c515",
                "shasum": ""
            },
            "require": {
                "composer-plugin-api": "1.0.0"
            },
            "type": "composer-plugin",
            "extra": {
                "class": "yii\\composer\\Plugin"
            },
            "autoload": {
                "psr-4": {
                    "yii\\composer\\": ""
                }
            },
            "notification-url": "https://packagist.org/downloads/",
            "license": [
                "BSD-3-Clause"
            ],
            "authors": [
                {
                    "name": "Qiang Xue",
                    "email": "qiang.xue@gmail.com",
                    "homepage": "http://www.yiiframework.com/",
                    "role": "Founder and project lead"
                }
            ],
            "description": "The composer plugin for Yii extension installer",
            "keywords": [
                "composer",
                "extension installer",
                "yii"
            ],
            "time": "2014-01-12 18:16:31"
        },
        {
            "name": "yiisoft/yii2-swiftmailer",
            "version": "dev-master",
            "source": {
                "type": "git",
                "url": "https://github.com/yiisoft/yii2-swiftmailer.git",
                "reference": "21062fb10ca6a89ada2448c08e13dd4c60603532"
            },
            "dist": {
                "type": "zip",
                "url": "https://api.github.com/repos/yiisoft/yii2-swiftmailer/zipball/21062fb10ca6a89ada2448c08e13dd4c60603532",
                "reference": "21062fb10ca6a89ada2448c08e13dd4c60603532",
                "shasum": ""
            },
            "require": {
                "swiftmailer/swiftmailer": "*",
                "yiisoft/yii2": "*"
            },
            "type": "yii2-extension",
            "autoload": {
                "psr-4": {
                    "yii\\swiftmailer\\": ""
                }
            },
            "notification-url": "https://packagist.org/downloads/",
            "license": [
                "BSD-3-Clause"
            ],
            "authors": [
                {
                    "name": "Paul Klimov",
                    "email": "klimov.paul@gmail.com",
                    "role": "Core framework development"
                }
            ],
            "description": "The SwiftMailer integration for the Yii framework",
            "keywords": [
                "email",
                "mail",
                "mailer",
                "swift",
                "swiftmailer",
                "yii"
            ],
            "time": "2014-01-11 02:06:25"
        }
    ],
    "packages-dev": [
        {
            "name": "phpspec/php-diff",
            "version": "dev-master",
            "source": {
                "type": "git",
                "url": "https://github.com/phpspec/php-diff.git",
                "reference": "30e103d19519fe678ae64a60d77884ef3d71b28a"
            },
            "dist": {
                "type": "zip",
                "url": "https://api.github.com/repos/phpspec/php-diff/zipball/30e103d19519fe678ae64a60d77884ef3d71b28a",
                "reference": "30e103d19519fe678ae64a60d77884ef3d71b28a",
                "shasum": ""
            },
            "type": "library",
            "autoload": {
                "psr-0": {
                    "Diff": "lib/"
                }
            },
            "notification-url": "https://packagist.org/downloads/",
            "license": [
                "BSD-3-Clause"
            ],
            "authors": [
                {
                    "name": "Chris Boulton",
                    "homepage": "http://github.com/chrisboulton"
                }
            ],
            "description": "A comprehensive library for generating differences between two hashable objects (strings or arrays).",
            "time": "2013-11-01 13:02:21"
        },
        {
            "name": "yiisoft/yii2-codeception",
            "version": "dev-master",
            "source": {
                "type": "git",
                "url": "https://github.com/yiisoft/yii2-codeception.git",
                "reference": "1d1d07650423591ffb4124ac231e9ef3c40d4a7e"
            },
            "dist": {
                "type": "zip",
                "url": "https://api.github.com/repos/yiisoft/yii2-codeception/zipball/1d1d07650423591ffb4124ac231e9ef3c40d4a7e",
                "reference": "1d1d07650423591ffb4124ac231e9ef3c40d4a7e",
                "shasum": ""
            },
            "require": {
                "yiisoft/yii2": "*"
            },
            "type": "yii2-extension",
            "autoload": {
                "psr-4": {
                    "yii\\codeception\\": ""
                }
            },
            "notification-url": "https://packagist.org/downloads/",
            "license": [
                "BSD-3-Clause"
            ],
            "authors": [
                {
                    "name": "Mark Jebri",
                    "email": "mark.github@yandex.ru"
                }
            ],
            "description": "The Codeception integration for the Yii framework",
            "keywords": [
                "codeception",
                "yii"
            ],
            "time": "2014-02-20 16:10:33"
        },
        {
            "name": "yiisoft/yii2-debug",
            "version": "dev-master",
            "source": {
                "type": "git",
                "url": "https://github.com/yiisoft/yii2-debug.git",
                "reference": "ea12737843726b68b65c5ec6eee9ca3ced6dcabf"
            },
            "dist": {
                "type": "zip",
                "url": "https://api.github.com/repos/yiisoft/yii2-debug/zipball/ea12737843726b68b65c5ec6eee9ca3ced6dcabf",
                "reference": "ea12737843726b68b65c5ec6eee9ca3ced6dcabf",
                "shasum": ""
            },
            "require": {
                "yiisoft/yii2": "*",
                "yiisoft/yii2-bootstrap": "*"
            },
            "type": "yii2-extension",
            "autoload": {
                "psr-4": {
                    "yii\\debug\\": ""
                }
            },
            "notification-url": "https://packagist.org/downloads/",
            "license": [
                "BSD-3-Clause"
            ],
            "authors": [
                {
                    "name": "Qiang Xue",
                    "email": "qiang.xue@gmail.com",
                    "homepage": "http://www.yiiframework.com/",
                    "role": "Founder and project lead"
                }
            ],
            "description": "The debugger extension for the Yii framework",
            "keywords": [
                "debug",
                "debugger",
                "yii"
            ],
            "time": "2014-02-24 20:26:47"
        },
        {
            "name": "yiisoft/yii2-gii",
            "version": "dev-master",
            "source": {
                "type": "git",
                "url": "https://github.com/yiisoft/yii2-gii.git",
                "reference": "6f4861f54b929276aa1a47aa5b258e4c97defb39"
            },
            "dist": {
                "type": "zip",
                "url": "https://api.github.com/repos/yiisoft/yii2-gii/zipball/6f4861f54b929276aa1a47aa5b258e4c97defb39",
                "reference": "6f4861f54b929276aa1a47aa5b258e4c97defb39",
                "shasum": ""
            },
            "require": {
                "phpspec/php-diff": ">=1.0.2",
                "yiisoft/yii2": "*",
                "yiisoft/yii2-bootstrap": "*"
            },
            "type": "yii2-extension",
            "autoload": {
                "psr-4": {
                    "yii\\gii\\": ""
                }
            },
            "notification-url": "https://packagist.org/downloads/",
            "license": [
                "BSD-3-Clause"
            ],
            "authors": [
                {
                    "name": "Qiang Xue",
                    "email": "qiang.xue@gmail.com",
                    "homepage": "http://www.yiiframework.com/",
                    "role": "Founder and project lead"
                }
            ],
            "description": "The Gii extension for the Yii framework",
            "keywords": [
                "code generator",
                "gii",
                "yii"
            ],
            "time": "2014-02-26 08:46:57"
        }
    ],
    "aliases": [

    ],
    "minimum-stability": "dev",
    "stability-flags": [

    ],
    "platform": {
        "php": ">=5.4.0"
    },
    "platform-dev": [

    ]
}
